
Microsoft Visual Studio Solution File, Format Version 12.00
# Visual Studio Version 17
VisualStudioVersion = 17.12.35707.178 d17.12
MinimumVisualStudioVersion = 10.0.40219.1
Project("{FAE04EC0-301F-11D3-BF4B-00C04F79EFBC}") = "SteerAntennaDish", "SteerAntennaDish.csproj", "{E529F193-F93D-44DA-AFC2-EB85B638C716}"
EndProject
Global
	GlobalSection(SolutionConfigurationPlatforms) = preSolution
		Debug|x64 = Debug|x64
		Release|x64 = Release|x64
	EndGlobalSection
	GlobalSection(ProjectConfigurationPlatforms) = postSolution
		{E529F193-F93D-44DA-AFC2-EB85B638C716}.Debug|x64.ActiveCfg = Debug|x64
		{E529F193-F93D-44DA-AFC2-EB85B638C716}.Debug|x64.Build.0 = Debug|x64
		{E529F193-F93D-44DA-AFC2-EB85B638C716}.Release|x64.ActiveCfg = Release|x64
		{E529F193-F93D-44DA-AFC2-EB85B638C716}.Release|x64.Build.0 = Release|x64
	EndGlobalSection
	GlobalSection(SolutionProperties) = preSolution
		HideSolutionNode = FALSE
	EndGlobalSection
EndGlobal
